Microsoft Visual Studio Solution File, Format Version 8.00
Project("{8BC9CEB8-8B4A-11D0-8D11-00A0C91BC942}") = "client", "client.vcproj", "{9BC07271-FBB0-4F1A-8ED3-394B0DB9F4BB}"
	ProjectSection(ProjectDependencies) = postProject
	EndProjectSection
EndProject
Global
	GlobalSection(SolutionConfiguration) = preSolution
		Debug = Debug
		Release = Release
	EndGlobalSection
	GlobalSection(ProjectConfiguration) = postSolution
		{9BC07271-FBB0-4F1A-8ED3-394B0DB9F4BB}.Debug.ActiveCfg = Debug|Win32
		{9BC07271-FBB0-4F1A-8ED3-394B0DB9F4BB}.Debug.Build.0 = Debug|Win32
		{9BC07271-FBB0-4F1A-8ED3-394B0DB9F4BB}.Release.ActiveCfg = Release|Win32
		{9BC07271-FBB0-4F1A-8ED3-394B0DB9F4BB}.Release.Build.0 = Release|Win32
	EndGlobalSection
	GlobalSection(ExtensibilityGlobals) = postSolution
	EndGlobalSection
	GlobalSection(ExtensibilityAddIns) = postSolution
	EndGlobalSection
EndGlobal
