Microsoft Visual Studio Solution File, Format Version 8.00
Project("{8BC9CEB8-8B4A-11D0-8D11-00A0C91BC942}") = "Depth Map", "exrdepthmap.vcproj", "{4723F30C-DD99-4CDB-A46A-7D2E06003270}"
	ProjectSection(ProjectDependencies) = postProject
	EndProjectSection
EndProject
Global
	GlobalSection(SolutionConfiguration) = preSolution
		Debug = Debug
		Debug_2k8_ext2 = Debug_2k8_ext2
		Debug_70 = Debug_70
		debug2k8 = debug2k8
		Release = Release
		ReleaseDebug = ReleaseDebug
	EndGlobalSection
	GlobalSection(ProjectConfiguration) = postSolution
		{4723F30C-DD99-4CDB-A46A-7D2E06003270}.Debug.ActiveCfg = Debug|Win32
		{4723F30C-DD99-4CDB-A46A-7D2E06003270}.Debug.Build.0 = Debug|Win32
		{4723F30C-DD99-4CDB-A46A-7D2E06003270}.Debug_2k8_ext2.ActiveCfg = Debug_2k8_ext2|Win32
		{4723F30C-DD99-4CDB-A46A-7D2E06003270}.Debug_2k8_ext2.Build.0 = Debug_2k8_ext2|Win32
		{4723F30C-DD99-4CDB-A46A-7D2E06003270}.Debug_70.ActiveCfg = Debug_70|Win32
		{4723F30C-DD99-4CDB-A46A-7D2E06003270}.Debug_70.Build.0 = Debug_70|Win32
		{4723F30C-DD99-4CDB-A46A-7D2E06003270}.debug2k8.ActiveCfg = debug2k8|Win32
		{4723F30C-DD99-4CDB-A46A-7D2E06003270}.debug2k8.Build.0 = debug2k8|Win32
		{4723F30C-DD99-4CDB-A46A-7D2E06003270}.Release.ActiveCfg = Release|Win32
		{4723F30C-DD99-4CDB-A46A-7D2E06003270}.Release.Build.0 = Release|Win32
		{4723F30C-DD99-4CDB-A46A-7D2E06003270}.ReleaseDebug.ActiveCfg = ReleaseDebug|Win32
		{4723F30C-DD99-4CDB-A46A-7D2E06003270}.ReleaseDebug.Build.0 = ReleaseDebug|Win32
	EndGlobalSection
	GlobalSection(ExtensibilityGlobals) = postSolution
	EndGlobalSection
	GlobalSection(ExtensibilityAddIns) = postSolution
	EndGlobalSection
EndGlobal
