Microsoft Visual Studio Solution File, Format Version 8.00
Project("{8BC9CEB8-8B4A-11D0-8D11-00A0C91BC942}") = "PRT Shadeop", "prtShadeop.vcproj", "{A88718BB-3524-45D1-B73D-DEE61CF595F4}"
	ProjectSection(ProjectDependencies) = postProject
	EndProjectSection
EndProject
Project("{8BC9CEB8-8B4A-11D0-8D11-00A0C91BC942}") = "delight_prt_shadeop", "dlprtshadeopl.vcproj", "{A88718BB-3524-45D1-B73D-DEE61CF595F4}"
	ProjectSection(ProjectDependencies) = postProject
	EndProjectSection
EndProject
Global
	GlobalSection(SolutionConfiguration) = preSolution
		2008ribgen = 2008ribgen
		Debug = Debug
		debug2k8 = debug2k8
		Maya2009 = Maya2009
		Release = Release
	EndGlobalSection
	GlobalSection(ProjectConfiguration) = postSolution
		{A88718BB-3524-45D1-B73D-DEE61CF595F4}.2008ribgen.ActiveCfg = debug2k8|Win32
		{A88718BB-3524-45D1-B73D-DEE61CF595F4}.2008ribgen.Build.0 = debug2k8|Win32
		{A88718BB-3524-45D1-B73D-DEE61CF595F4}.Debug.ActiveCfg = Debug|Win32
		{A88718BB-3524-45D1-B73D-DEE61CF595F4}.Debug.Build.0 = Debug|Win32
		{A88718BB-3524-45D1-B73D-DEE61CF595F4}.debug2k8.ActiveCfg = debug2k8|Win32
		{A88718BB-3524-45D1-B73D-DEE61CF595F4}.debug2k8.Build.0 = debug2k8|Win32
		{A88718BB-3524-45D1-B73D-DEE61CF595F4}.Maya2009.ActiveCfg = debug2k8|Win32
		{A88718BB-3524-45D1-B73D-DEE61CF595F4}.Maya2009.Build.0 = debug2k8|Win32
		{A88718BB-3524-45D1-B73D-DEE61CF595F4}.Release.ActiveCfg = Release|Win32
		{A88718BB-3524-45D1-B73D-DEE61CF595F4}.Release.Build.0 = Release|Win32
		{A88718BB-3524-45D1-B73D-DEE61CF595F4}.2008ribgen.ActiveCfg = 2008ribgen|Win32
		{A88718BB-3524-45D1-B73D-DEE61CF595F4}.2008ribgen.Build.0 = 2008ribgen|Win32
		{A88718BB-3524-45D1-B73D-DEE61CF595F4}.Debug.ActiveCfg = Debug|Win32
		{A88718BB-3524-45D1-B73D-DEE61CF595F4}.Debug.Build.0 = Debug|Win32
		{A88718BB-3524-45D1-B73D-DEE61CF595F4}.debug2k8.ActiveCfg = Debug|Win32
		{A88718BB-3524-45D1-B73D-DEE61CF595F4}.debug2k8.Build.0 = Debug|Win32
		{A88718BB-3524-45D1-B73D-DEE61CF595F4}.Maya2009.ActiveCfg = Maya2009|Win32
		{A88718BB-3524-45D1-B73D-DEE61CF595F4}.Maya2009.Build.0 = Maya2009|Win32
		{A88718BB-3524-45D1-B73D-DEE61CF595F4}.Release.ActiveCfg = Release|Win32
		{A88718BB-3524-45D1-B73D-DEE61CF595F4}.Release.Build.0 = Release|Win32
	EndGlobalSection
	GlobalSection(ExtensibilityGlobals) = postSolution
	EndGlobalSection
	GlobalSection(ExtensibilityAddIns) = postSolution
	EndGlobalSection
EndGlobal
