Microsoft Visual Studio Solution File, Format Version 8.00
Project("{8BC9CEB8-8B4A-11D0-8D11-00A0C91BC942}") = "pMap", "pMap.vcproj", "{EF8952FF-D99E-4478-8898-CB69E87694A0}"
	ProjectSection(ProjectDependencies) = postProject
	EndProjectSection
EndProject
Project("{8BC9CEB8-8B4A-11D0-8D11-00A0C91BC942}") = "hair_procedural_DSO", "particleCacheProcedural.vcproj", "{A88718BB-3524-45D1-B73D-DEE61CF595F4}"
	ProjectSection(ProjectDependencies) = postProject
	EndProjectSection
EndProject
Global
	GlobalSection(SolutionConfiguration) = preSolution
		2008ribgen = 2008ribgen
		Debug = Debug
		Maya2009 = Maya2009
		Release = Release
	EndGlobalSection
	GlobalSection(ProjectConfiguration) = postSolution
		{EF8952FF-D99E-4478-8898-CB69E87694A0}.2008ribgen.ActiveCfg = Release|Win32
		{EF8952FF-D99E-4478-8898-CB69E87694A0}.2008ribgen.Build.0 = Release|Win32
		{EF8952FF-D99E-4478-8898-CB69E87694A0}.Debug.ActiveCfg = Debug|Win32
		{EF8952FF-D99E-4478-8898-CB69E87694A0}.Debug.Build.0 = Debug|Win32
		{EF8952FF-D99E-4478-8898-CB69E87694A0}.Maya2009.ActiveCfg = Release|Win32
		{EF8952FF-D99E-4478-8898-CB69E87694A0}.Maya2009.Build.0 = Release|Win32
		{EF8952FF-D99E-4478-8898-CB69E87694A0}.Release.ActiveCfg = Release|Win32
		{EF8952FF-D99E-4478-8898-CB69E87694A0}.Release.Build.0 = Release|Win32
		{A88718BB-3524-45D1-B73D-DEE61CF595F4}.2008ribgen.ActiveCfg = 2008ribgen|Win32
		{A88718BB-3524-45D1-B73D-DEE61CF595F4}.2008ribgen.Build.0 = 2008ribgen|Win32
		{A88718BB-3524-45D1-B73D-DEE61CF595F4}.Debug.ActiveCfg = Debug|Win32
		{A88718BB-3524-45D1-B73D-DEE61CF595F4}.Debug.Build.0 = Debug|Win32
		{A88718BB-3524-45D1-B73D-DEE61CF595F4}.Maya2009.ActiveCfg = Maya2009|Win32
		{A88718BB-3524-45D1-B73D-DEE61CF595F4}.Maya2009.Build.0 = Maya2009|Win32
		{A88718BB-3524-45D1-B73D-DEE61CF595F4}.Release.ActiveCfg = Release|Win32
		{A88718BB-3524-45D1-B73D-DEE61CF595F4}.Release.Build.0 = Release|Win32
	EndGlobalSection
	GlobalSection(ExtensibilityGlobals) = postSolution
	EndGlobalSection
	GlobalSection(ExtensibilityAddIns) = postSolution
	EndGlobalSection
EndGlobal
