Microsoft Visual Studio Solution File, Format Version 8.00
Project("{8BC9CEB8-8B4A-11D0-8D11-00A0C91BC942}") = "hair", "hair.vcproj", "{681412B0-F197-4A2F-9263-DEA2E8690146}"
	ProjectSection(ProjectDependencies) = postProject
	EndProjectSection
EndProject
Global
	GlobalSection(SolutionConfiguration) = preSolution
		2008 = 2008
		70 = 70
		Debug = Debug
		Release = Release
		ReleaseDebug = ReleaseDebug
	EndGlobalSection
	GlobalSection(ProjectConfiguration) = postSolution
		{681412B0-F197-4A2F-9263-DEA2E8690146}.2008.ActiveCfg = 2008|Win32
		{681412B0-F197-4A2F-9263-DEA2E8690146}.2008.Build.0 = 2008|Win32
		{681412B0-F197-4A2F-9263-DEA2E8690146}.70.ActiveCfg = 70|Win32
		{681412B0-F197-4A2F-9263-DEA2E8690146}.70.Build.0 = 70|Win32
		{681412B0-F197-4A2F-9263-DEA2E8690146}.Debug.ActiveCfg = Debug|Win32
		{681412B0-F197-4A2F-9263-DEA2E8690146}.Debug.Build.0 = Debug|Win32
		{681412B0-F197-4A2F-9263-DEA2E8690146}.Release.ActiveCfg = Release|Win32
		{681412B0-F197-4A2F-9263-DEA2E8690146}.Release.Build.0 = Release|Win32
		{681412B0-F197-4A2F-9263-DEA2E8690146}.ReleaseDebug.ActiveCfg = ReleaseDebug|Win32
		{681412B0-F197-4A2F-9263-DEA2E8690146}.ReleaseDebug.Build.0 = ReleaseDebug|Win32
	EndGlobalSection
	GlobalSection(ExtensibilityGlobals) = postSolution
	EndGlobalSection
	GlobalSection(ExtensibilityAddIns) = postSolution
	EndGlobalSection
EndGlobal
