// !$*UTF8*$!
{
	archiveVersion = 1;
	classes = {
	};
	objectVersion = 42;
	objects = {

/* Begin PBXBuildFile section */
		7F80C8D5104EFCA1001882AC /* shVizNode.cpp in Sources */ = {isa = PBXBuildFile; fileRef = 7F80C8D4104EFCA1001882AC /* shVizNode.cpp */; };
		7F80C8DB104EFD61001882AC /* SphericalHarmonics.cpp in Sources */ = {isa = PBXBuildFile; fileRef = 7F80C8DA104EFD61001882AC /* SphericalHarmonics.cpp */; };
		7F80C8E4104EFDDD001882AC /* ApplyMatrix.cpp in Sources */ = {isa = PBXBuildFile; fileRef = 7F80C8E0104EFDDD001882AC /* ApplyMatrix.cpp */; };
		7F80C8E5104EFDDD001882AC /* GetX90DegreeRotationMatrix.cpp in Sources */ = {isa = PBXBuildFile; fileRef = 7F80C8E1104EFDDD001882AC /* GetX90DegreeRotationMatrix.cpp */; };
		7F80C8E6104EFDDD001882AC /* GetZRotationMatrix.cpp in Sources */ = {isa = PBXBuildFile; fileRef = 7F80C8E2104EFDDD001882AC /* GetZRotationMatrix.cpp */; };
		7F80C8E7104EFDDD001882AC /* RotateSHCoefficients.cpp in Sources */ = {isa = PBXBuildFile; fileRef = 7F80C8E3104EFDDD001882AC /* RotateSHCoefficients.cpp */; };
		7F80C8EA104EFDF2001882AC /* SHMath.cpp in Sources */ = {isa = PBXBuildFile; fileRef = 7F80C8E9104EFDF2001882AC /* SHMath.cpp */; };
		7F80DCA410BDC73A0093F98A /* FNoise.cpp in Sources */ = {isa = PBXBuildFile; fileRef = 7F80DCA310BDC73A0093F98A /* FNoise.cpp */; };
		7F9C4B68107310DD00F29D03 /* CubeRaster.cpp in Sources */ = {isa = PBXBuildFile; fileRef = 7F9C4B65107310DD00F29D03 /* CubeRaster.cpp */; };
		7F9C4B69107310DD00F29D03 /* Z3DTexture.cpp in Sources */ = {isa = PBXBuildFile; fileRef = 7F9C4B66107310DD00F29D03 /* Z3DTexture.cpp */; };
		7F9C4B6A107310DD00F29D03 /* OcTree.cpp in Sources */ = {isa = PBXBuildFile; fileRef = 7F9C4B67107310DD00F29D03 /* OcTree.cpp */; };
		7F9C4B7C107312E100F29D03 /* rasterVizNode.cpp in Sources */ = {isa = PBXBuildFile; fileRef = 7F9C4B7B107312E100F29D03 /* rasterVizNode.cpp */; };
		7FA4203D104D9BCF009ABB17 /* octreeVizNode.cpp in Sources */ = {isa = PBXBuildFile; fileRef = 7FA4203B104D9BCF009ABB17 /* octreeVizNode.cpp */; };
		7FA4203E104D9BCF009ABB17 /* pluginMain.cpp in Sources */ = {isa = PBXBuildFile; fileRef = 7FA4203C104D9BCF009ABB17 /* pluginMain.cpp */; };
		7FA42047104D9BF8009ABB17 /* PerspectiveView.cpp in Sources */ = {isa = PBXBuildFile; fileRef = 7FA42044104D9BF8009ABB17 /* PerspectiveView.cpp */; };
		7FA42049104D9BF8009ABB17 /* gBase.cpp in Sources */ = {isa = PBXBuildFile; fileRef = 7FA42046104D9BF8009ABB17 /* gBase.cpp */; };
		7FA4204D104D9C14009ABB17 /* QuickSort.cpp in Sources */ = {isa = PBXBuildFile; fileRef = 7FA4204B104D9C14009ABB17 /* QuickSort.cpp */; };
		7FA4204E104D9C14009ABB17 /* zWorks.cpp in Sources */ = {isa = PBXBuildFile; fileRef = 7FA4204C104D9C14009ABB17 /* zWorks.cpp */; };
/* End PBXBuildFile section */

/* Begin PBXFileReference section */
		7F80C8D4104EFCA1001882AC /* shVizNode.cpp */ = {isa = PBXFileReference; fileEncoding = 4; lastKnownFileType = sourcecode.cpp.cpp; path = shVizNode.cpp; sourceTree = "<group>"; };
		7F80C8DA104EFD61001882AC /* SphericalHarmonics.cpp */ = {isa = PBXFileReference; fileEncoding = 4; lastKnownFileType = sourcecode.cpp.cpp; name = SphericalHarmonics.cpp; path = ../sh_lighting/SphericalHarmonics.cpp; sourceTree = SOURCE_ROOT; };
		7F80C8E0104EFDDD001882AC /* ApplyMatrix.cpp */ = {isa = PBXFileReference; fileEncoding = 4; lastKnownFileType = sourcecode.cpp.cpp; name = ApplyMatrix.cpp; path = "../sh_lighting/SH Rotation/ApplyMatrix.cpp"; sourceTree = SOURCE_ROOT; };
		7F80C8E1104EFDDD001882AC /* GetX90DegreeRotationMatrix.cpp */ = {isa = PBXFileReference; fileEncoding = 4; lastKnownFileType = sourcecode.cpp.cpp; name = GetX90DegreeRotationMatrix.cpp; path = "../sh_lighting/SH Rotation/GetX90DegreeRotationMatrix.cpp"; sourceTree = SOURCE_ROOT; };
		7F80C8E2104EFDDD001882AC /* GetZRotationMatrix.cpp */ = {isa = PBXFileReference; fileEncoding = 4; lastKnownFileType = sourcecode.cpp.cpp; name = GetZRotationMatrix.cpp; path = "../sh_lighting/SH Rotation/GetZRotationMatrix.cpp"; sourceTree = SOURCE_ROOT; };
		7F80C8E3104EFDDD001882AC /* RotateSHCoefficients.cpp */ = {isa = PBXFileReference; fileEncoding = 4; lastKnownFileType = sourcecode.cpp.cpp; name = RotateSHCoefficients.cpp; path = "../sh_lighting/SH Rotation/RotateSHCoefficients.cpp"; sourceTree = SOURCE_ROOT; };
		7F80C8E9104EFDF2001882AC /* SHMath.cpp */ = {isa = PBXFileReference; fileEncoding = 4; lastKnownFileType = sourcecode.cpp.cpp; name = SHMath.cpp; path = ../sh_lighting/SHMath.cpp; sourceTree = SOURCE_ROOT; };
		7F80DCA310BDC73A0093F98A /* FNoise.cpp */ = {isa = PBXFileReference; fileEncoding = 4; lastKnownFileType = sourcecode.cpp.cpp; name = FNoise.cpp; path = ../shared/FNoise.cpp; sourceTree = SOURCE_ROOT; };
		7F9C4B65107310DD00F29D03 /* CubeRaster.cpp */ = {isa = PBXFileReference; fileEncoding = 4; lastKnownFileType = sourcecode.cpp.cpp; name = CubeRaster.cpp; path = ../3dtexture/CubeRaster.cpp; sourceTree = SOURCE_ROOT; };
		7F9C4B66107310DD00F29D03 /* Z3DTexture.cpp */ = {isa = PBXFileReference; fileEncoding = 4; lastKnownFileType = sourcecode.cpp.cpp; name = Z3DTexture.cpp; path = ../3dtexture/Z3DTexture.cpp; sourceTree = SOURCE_ROOT; };
		7F9C4B67107310DD00F29D03 /* OcTree.cpp */ = {isa = PBXFileReference; fileEncoding = 4; lastKnownFileType = sourcecode.cpp.cpp; name = OcTree.cpp; path = ../3dtexture/OcTree.cpp; sourceTree = SOURCE_ROOT; };
		7F9C4B7B107312E100F29D03 /* rasterVizNode.cpp */ = {isa = PBXFileReference; fileEncoding = 4; lastKnownFileType = sourcecode.cpp.cpp; path = rasterVizNode.cpp; sourceTree = "<group>"; };
		7FA4203B104D9BCF009ABB17 /* octreeVizNode.cpp */ = {isa = PBXFileReference; fileEncoding = 4; lastKnownFileType = sourcecode.cpp.cpp; path = octreeVizNode.cpp; sourceTree = "<group>"; };
		7FA4203C104D9BCF009ABB17 /* pluginMain.cpp */ = {isa = PBXFileReference; fileEncoding = 4; lastKnownFileType = sourcecode.cpp.cpp; path = pluginMain.cpp; sourceTree = "<group>"; };
		7FA42044104D9BF8009ABB17 /* PerspectiveView.cpp */ = {isa = PBXFileReference; fileEncoding = 4; lastKnownFileType = sourcecode.cpp.cpp; name = PerspectiveView.cpp; path = ../shared/PerspectiveView.cpp; sourceTree = SOURCE_ROOT; };
		7FA42046104D9BF8009ABB17 /* gBase.cpp */ = {isa = PBXFileReference; fileEncoding = 4; lastKnownFileType = sourcecode.cpp.cpp; name = gBase.cpp; path = ../shared/gBase.cpp; sourceTree = SOURCE_ROOT; };
		7FA4204B104D9C14009ABB17 /* QuickSort.cpp */ = {isa = PBXFileReference; fileEncoding = 4; lastKnownFileType = sourcecode.cpp.cpp; name = QuickSort.cpp; path = ../shared/QuickSort.cpp; sourceTree = SOURCE_ROOT; };
		7FA4204C104D9C14009ABB17 /* zWorks.cpp */ = {isa = PBXFileReference; fileEncoding = 4; lastKnownFileType = sourcecode.cpp.cpp; name = zWorks.cpp; path = ../shared/zWorks.cpp; sourceTree = SOURCE_ROOT; };
		D2AAC0630554660B00DB518D /* OctreeTest.bundle */ = {isa = PBXFileReference; explicitFileType = "compiled.mach-o.dylib"; includeInIndex = 0; path = OctreeTest.bundle; sourceTree = BUILT_PRODUCTS_DIR; };
/* End PBXFileReference section */

/* Begin PBXFrameworksBuildPhase section */
		D289988505E68E00004EDB86 /* Frameworks */ = {
			isa = PBXFrameworksBuildPhase;
			buildActionMask = 2147483647;
			files = (
			);
			runOnlyForDeploymentPostprocessing = 0;
		};
/* End PBXFrameworksBuildPhase section */

/* Begin PBXGroup section */
		08FB7794FE84155DC02AAC07 /* footPrintNodePlugin */ = {
			isa = PBXGroup;
			children = (
				08FB7795FE84155DC02AAC07 /* Source */,
				8A7F063208688F460064D097 /* Mel */,
				8A7F063308688F580064D097 /* Resources */,
				1AB674ADFE9D54B511CA2CBB /* Products */,
			);
			name = footPrintNodePlugin;
			sourceTree = "<group>";
		};
		08FB7795FE84155DC02AAC07 /* Source */ = {
			isa = PBXGroup;
			children = (
				7F80DCA310BDC73A0093F98A /* FNoise.cpp */,
				7F9C4B7B107312E100F29D03 /* rasterVizNode.cpp */,
				7F9C4B65107310DD00F29D03 /* CubeRaster.cpp */,
				7F9C4B66107310DD00F29D03 /* Z3DTexture.cpp */,
				7F9C4B67107310DD00F29D03 /* OcTree.cpp */,
				7F80C8E9104EFDF2001882AC /* SHMath.cpp */,
				7F80C8E0104EFDDD001882AC /* ApplyMatrix.cpp */,
				7F80C8E1104EFDDD001882AC /* GetX90DegreeRotationMatrix.cpp */,
				7F80C8E2104EFDDD001882AC /* GetZRotationMatrix.cpp */,
				7F80C8E3104EFDDD001882AC /* RotateSHCoefficients.cpp */,
				7F80C8DA104EFD61001882AC /* SphericalHarmonics.cpp */,
				7F80C8D4104EFCA1001882AC /* shVizNode.cpp */,
				7FA4204B104D9C14009ABB17 /* QuickSort.cpp */,
				7FA4204C104D9C14009ABB17 /* zWorks.cpp */,
				7FA42044104D9BF8009ABB17 /* PerspectiveView.cpp */,
				7FA42046104D9BF8009ABB17 /* gBase.cpp */,
				7FA4203B104D9BCF009ABB17 /* octreeVizNode.cpp */,
				7FA4203C104D9BCF009ABB17 /* pluginMain.cpp */,
			);
			name = Source;
			sourceTree = "<group>";
		};
		1AB674ADFE9D54B511CA2CBB /* Products */ = {
			isa = PBXGroup;
			children = (
				D2AAC0630554660B00DB518D /* OctreeTest.bundle */,
			);
			name = Products;
			sourceTree = "<group>";
		};
		8A7F063208688F460064D097 /* Mel */ = {
			isa = PBXGroup;
			children = (
			);
			name = Mel;
			sourceTree = "<group>";
		};
		8A7F063308688F580064D097 /* Resources */ = {
			isa = PBXGroup;
			children = (
			);
			name = Resources;
			sourceTree = "<group>";
		};
/* End PBXGroup section */

/* Begin PBXHeadersBuildPhase section */
		D2AAC0600554660B00DB518D /* Headers */ = {
			isa = PBXHeadersBuildPhase;
			buildActionMask = 2147483647;
			files = (
			);
			runOnlyForDeploymentPostprocessing = 0;
		};
/* End PBXHeadersBuildPhase section */

/* Begin PBXNativeTarget section */
		D2AAC0620554660B00DB518D /* OctreeTest */ = {
			isa = PBXNativeTarget;
			buildConfigurationList = 8A7F05ED086863A70064D097 /* Build configuration list for PBXNativeTarget "OctreeTest" */;
			buildPhases = (
				D2AAC0600554660B00DB518D /* Headers */,
				D2AAC0610554660B00DB518D /* Sources */,
				D289988505E68E00004EDB86 /* Frameworks */,
			);
			buildRules = (
			);
			dependencies = (
			);
			name = OctreeTest;
			productName = footPrintNodePlugin;
			productReference = D2AAC0630554660B00DB518D /* OctreeTest.bundle */;
			productType = "com.apple.product-type.library.dynamic";
		};
/* End PBXNativeTarget section */

/* Begin PBXProject section */
		08FB7793FE84155DC02AAC07 /* Project object */ = {
			isa = PBXProject;
			buildConfigurationList = 8A7F05F1086863A70064D097 /* Build configuration list for PBXProject "octreeTest" */;
			compatibilityVersion = "Xcode 2.4";
			hasScannedForEncodings = 1;
			mainGroup = 08FB7794FE84155DC02AAC07 /* footPrintNodePlugin */;
			projectDirPath = "";
			projectRoot = "";
			targets = (
				D2AAC0620554660B00DB518D /* OctreeTest */,
			);
		};
/* End PBXProject section */

/* Begin PBXSourcesBuildPhase section */
		D2AAC0610554660B00DB518D /* Sources */ = {
			isa = PBXSourcesBuildPhase;
			buildActionMask = 2147483647;
			files = (
				7FA4203D104D9BCF009ABB17 /* octreeVizNode.cpp in Sources */,
				7FA4203E104D9BCF009ABB17 /* pluginMain.cpp in Sources */,
				7FA42047104D9BF8009ABB17 /* PerspectiveView.cpp in Sources */,
				7FA42049104D9BF8009ABB17 /* gBase.cpp in Sources */,
				7FA4204D104D9C14009ABB17 /* QuickSort.cpp in Sources */,
				7FA4204E104D9C14009ABB17 /* zWorks.cpp in Sources */,
				7F80C8D5104EFCA1001882AC /* shVizNode.cpp in Sources */,
				7F80C8DB104EFD61001882AC /* SphericalHarmonics.cpp in Sources */,
				7F80C8E4104EFDDD001882AC /* ApplyMatrix.cpp in Sources */,
				7F80C8E5104EFDDD001882AC /* GetX90DegreeRotationMatrix.cpp in Sources */,
				7F80C8E6104EFDDD001882AC /* GetZRotationMatrix.cpp in Sources */,
				7F80C8E7104EFDDD001882AC /* RotateSHCoefficients.cpp in Sources */,
				7F80C8EA104EFDF2001882AC /* SHMath.cpp in Sources */,
				7F9C4B68107310DD00F29D03 /* CubeRaster.cpp in Sources */,
				7F9C4B69107310DD00F29D03 /* Z3DTexture.cpp in Sources */,
				7F9C4B6A107310DD00F29D03 /* OcTree.cpp in Sources */,
				7F9C4B7C107312E100F29D03 /* rasterVizNode.cpp in Sources */,
				7F80DCA410BDC73A0093F98A /* FNoise.cpp in Sources */,
			);
			runOnlyForDeploymentPostprocessing = 0;
		};
/* End PBXSourcesBuildPhase section */

/* Begin XCBuildConfiguration section */
		8A7F05EE086863A70064D097 /* Debug */ = {
			isa = XCBuildConfiguration;
			buildSettings = {
				COPY_PHASE_STRIP = NO;
				DYLIB_COMPATIBILITY_VERSION = "";
				DYLIB_CURRENT_VERSION = "";
				EXECUTABLE_EXTENSION = bundle;
				GCC_DYNAMIC_NO_PIC = NO;
				GCC_ENABLE_FIX_AND_CONTINUE = YES;
				GCC_GENERATE_DEBUGGING_SYMBOLS = YES;
				GCC_MODEL_TUNING = G5;
				GCC_OPTIMIZATION_LEVEL = 0;
				GCC_WARN_ABOUT_RETURN_TYPE = YES;
				GCC_WARN_UNUSED_VARIABLE = YES;
				GENERATE_MASTER_OBJECT_FILE = YES;
				INSTALL_PATH = /usr/local/lib;
				LIBRARY_STYLE = BUNDLE;
				MACH_O_TYPE = mh_bundle;
				PREBINDING = NO;
				PRODUCT_NAME = OctreeTest;
				ZERO_LINK = YES;
			};
			name = Debug;
		};
		8A7F05EF086863A70064D097 /* Release */ = {
			isa = XCBuildConfiguration;
			buildSettings = {
				COPY_PHASE_STRIP = YES;
				DYLIB_COMPATIBILITY_VERSION = "";
				DYLIB_CURRENT_VERSION = "";
				EXECUTABLE_EXTENSION = bundle;
				GCC_ENABLE_FIX_AND_CONTINUE = NO;
				GCC_GENERATE_DEBUGGING_SYMBOLS = NO;
				GCC_MODEL_TUNING = G5;
				GCC_WARN_ABOUT_RETURN_TYPE = YES;
				GCC_WARN_UNUSED_VARIABLE = YES;
				GENERATE_MASTER_OBJECT_FILE = YES;
				INSTALL_PATH = /usr/local/lib;
				LIBRARY_STYLE = BUNDLE;
				MACH_O_TYPE = mh_bundle;
				PREBINDING = NO;
				PRODUCT_NAME = footPrintNode;
				ZERO_LINK = NO;
			};
			name = Release;
		};
		8A7F05F0086863A70064D097 /* Default */ = {
			isa = XCBuildConfiguration;
			buildSettings = {
				DYLIB_COMPATIBILITY_VERSION = "";
				DYLIB_CURRENT_VERSION = "";
				EXECUTABLE_EXTENSION = bundle;
				GCC_GENERATE_DEBUGGING_SYMBOLS = NO;
				GCC_MODEL_TUNING = G5;
				GCC_WARN_ABOUT_RETURN_TYPE = YES;
				GCC_WARN_UNUSED_VARIABLE = YES;
				INSTALL_PATH = /usr/local/lib;
				LIBRARY_STYLE = BUNDLE;
				MACH_O_TYPE = mh_bundle;
				PREBINDING = NO;
				PRODUCT_NAME = footPrintNode;
			};
			name = Default;
		};
		8A7F05F2086863A70064D097 /* Debug */ = {
			isa = XCBuildConfiguration;
			buildSettings = {
				GCC_PRECOMPILE_PREFIX_HEADER = YES;
				GCC_PREFIX_HEADER = "$(MAYA_DIRECTORY)/devkit/include/maya/OpenMayaMac.h";
				GCC_PREPROCESSOR_DEFINITIONS = (
					MAC_PLUGIN,
					_BOOL,
					REQUIRE_IOSTREAM,
				);
				HEADER_SEARCH_PATHS = "$(MAYA_DIRECTORY)/devkit/include/";
				LIBRARY_SEARCH_PATHS = "$(MAYA_DIRECTORY)/Maya.app/Contents/MacOS";
				LIBRARY_STYLE = BUNDLE;
				MAYA_DIRECTORY = /Applications/Autodesk/maya2008;
				OTHER_LDFLAGS = (
					"-lOpenMaya",
					"-lFoundation",
					"-Wl,-executable_path,$(MAYA_DIRECTORY)/Maya.app/Contents/MacOS",
					"-lOpenMaya",
					"-lOpenMayaUI",
					"-lFoundation",
					"-framework",
					AGL,
					"-framework",
					OpenGL,
				);
			};
			name = Debug;
		};
		8A7F05F3086863A70064D097 /* Release */ = {
			isa = XCBuildConfiguration;
			buildSettings = {
				GCC_PRECOMPILE_PREFIX_HEADER = YES;
				GCC_PREFIX_HEADER = "$(MAYA_DIRECTORY)/devkit/include/maya/OpenMayaMac.h";
				GCC_PREPROCESSOR_DEFINITIONS = (
					MAC_PLUGIN,
					_BOOL,
					REQUIRE_IOSTREAM,
				);
				HEADER_SEARCH_PATHS = "$(MAYA_DIRECTORY)/devkit/include/";
				LIBRARY_SEARCH_PATHS = "$(MAYA_DIRECTORY)/Maya.app/Contents/MacOS";
				LIBRARY_STYLE = BUNDLE;
				MAYA_DIRECTORY = /Applications/Autodesk/maya2008;
				OTHER_LDFLAGS = (
					"-lOpenMaya",
					"-lFoundation",
					"-Wl,-executable_path,$(MAYA_DIRECTORY)/Maya.app/Contents/MacOS",
					"-lOpenMaya",
					"-lOpenMayaUI",
					"-lFoundation",
					"-framework",
					AGL,
					"-framework",
					OpenGL,
				);
			};
			name = Release;
		};
		8A7F05F4086863A70064D097 /* Default */ = {
			isa = XCBuildConfiguration;
			buildSettings = {
				GCC_PRECOMPILE_PREFIX_HEADER = YES;
				GCC_PREFIX_HEADER = "$(MAYA_DIRECTORY)/devkit/include/maya/OpenMayaMac.h";
				GCC_PREPROCESSOR_DEFINITIONS = (
					MAC_PLUGIN,
					_BOOL,
					REQUIRE_IOSTREAM,
				);
				HEADER_SEARCH_PATHS = "$(MAYA_DIRECTORY)/devkit/include/";
				LIBRARY_SEARCH_PATHS = "$(MAYA_DIRECTORY)/Maya.app/Contents/MacOS";
				MAYA_DIRECTORY = /Applications/Autodesk/maya2008;
				OTHER_LDFLAGS = (
					"-lOpenMaya",
					"-lFoundation",
					"-Wl,-executable_path,$(MAYA_DIRECTORY)/Maya.app/Contents/MacOS",
					"-lOpenMaya",
					"-lOpenMayaUI",
					"-lFoundation",
					"-framework",
					AGL,
					"-framework",
					OpenGL,
				);
			};
			name = Default;
		};
/* End XCBuildConfiguration section */

/* Begin XCConfigurationList section */
		8A7F05ED086863A70064D097 /* Build configuration list for PBXNativeTarget "OctreeTest" */ = {
			isa = XCConfigurationList;
			buildConfigurations = (
				8A7F05EE086863A70064D097 /* Debug */,
				8A7F05EF086863A70064D097 /* Release */,
				8A7F05F0086863A70064D097 /* Default */,
			);
			defaultConfigurationIsVisible = 0;
			defaultConfigurationName = Default;
		};
		8A7F05F1086863A70064D097 /* Build configuration list for PBXProject "octreeTest" */ = {
			isa = XCConfigurationList;
			buildConfigurations = (
				8A7F05F2086863A70064D097 /* Debug */,
				8A7F05F3086863A70064D097 /* Release */,
				8A7F05F4086863A70064D097 /* Default */,
			);
			defaultConfigurationIsVisible = 0;
			defaultConfigurationName = Default;
		};
/* End XCConfigurationList section */
	};
	rootObject = 08FB7793FE84155DC02AAC07 /* Project object */;
}
