// !$*UTF8*$!
{
	archiveVersion = 1;
	classes = {
	};
	objectVersion = 42;
	objects = {

/* Begin PBXBuildFile section */
		7F23B9F910D98C9F00FE03A1 /* FluidOctree.cpp in Sources */ = {isa = PBXBuildFile; fileRef = 7F23B9F810D98C9F00FE03A1 /* FluidOctree.cpp */; };
		7F81222910711B440022BF82 /* zGlobal.cpp in Sources */ = {isa = PBXBuildFile; fileRef = 7F81222810711B440022BF82 /* zGlobal.cpp */; };
		7F81223310711B8A0022BF82 /* zWorks.cpp in Sources */ = {isa = PBXBuildFile; fileRef = 7F81223210711B8A0022BF82 /* zWorks.cpp */; };
		7F81224E10711C7C0022BF82 /* gBase.cpp in Sources */ = {isa = PBXBuildFile; fileRef = 7F81224D10711C7C0022BF82 /* gBase.cpp */; };
		7F82690210CEC37800AF3FE9 /* PMapNode.cpp in Sources */ = {isa = PBXBuildFile; fileRef = 7F82690110CEC37800AF3FE9 /* PMapNode.cpp */; };
		7F976DCF10DC185E00252E4F /* RenderParticle.h in Headers */ = {isa = PBXBuildFile; fileRef = 7F976DCD10DC185E00252E4F /* RenderParticle.h */; };
		7F976DD010DC185E00252E4F /* RenderParticle.cpp in Sources */ = {isa = PBXBuildFile; fileRef = 7F976DCE10DC185E00252E4F /* RenderParticle.cpp */; };
		7FE58BA10FB61F6700187112 /* pluginMain.cpp in Sources */ = {isa = PBXBuildFile; fileRef = 7FE58BA00FB61F6700187112 /* pluginMain.cpp */; };
/* End PBXBuildFile section */

/* Begin PBXFileReference section */
		7F23B9F810D98C9F00FE03A1 /* FluidOctree.cpp */ = {isa = PBXFileReference; fileEncoding = 4; lastKnownFileType = sourcecode.cpp.cpp; name = FluidOctree.cpp; path = ../zFluid/FluidOctree.cpp; sourceTree = SOURCE_ROOT; };
		7F81222810711B440022BF82 /* zGlobal.cpp */ = {isa = PBXFileReference; fileEncoding = 4; lastKnownFileType = sourcecode.cpp.cpp; name = zGlobal.cpp; path = ../shared/zGlobal.cpp; sourceTree = SOURCE_ROOT; };
		7F81223210711B8A0022BF82 /* zWorks.cpp */ = {isa = PBXFileReference; fileEncoding = 4; lastKnownFileType = sourcecode.cpp.cpp; name = zWorks.cpp; path = ../shared/zWorks.cpp; sourceTree = SOURCE_ROOT; };
		7F81224D10711C7C0022BF82 /* gBase.cpp */ = {isa = PBXFileReference; fileEncoding = 4; lastKnownFileType = sourcecode.cpp.cpp; name = gBase.cpp; path = ../shared/gBase.cpp; sourceTree = SOURCE_ROOT; };
		7F812284107120470022BF82 /* particleCacheMenus.mel */ = {isa = PBXFileReference; fileEncoding = 4; lastKnownFileType = text; name = particleCacheMenus.mel; path = ../module/scripts/particleCacheMenus.mel; sourceTree = SOURCE_ROOT; };
		7F82690110CEC37800AF3FE9 /* PMapNode.cpp */ = {isa = PBXFileReference; fileEncoding = 4; lastKnownFileType = sourcecode.cpp.cpp; path = PMapNode.cpp; sourceTree = "<group>"; };
		7F976DCD10DC185E00252E4F /* RenderParticle.h */ = {isa = PBXFileReference; fileEncoding = 4; lastKnownFileType = sourcecode.c.h; path = RenderParticle.h; sourceTree = "<group>"; };
		7F976DCE10DC185E00252E4F /* RenderParticle.cpp */ = {isa = PBXFileReference; fileEncoding = 4; lastKnownFileType = sourcecode.cpp.cpp; path = RenderParticle.cpp; sourceTree = "<group>"; };
		7FE58BA00FB61F6700187112 /* pluginMain.cpp */ = {isa = PBXFileReference; fileEncoding = 4; lastKnownFileType = sourcecode.cpp.cpp; path = pluginMain.cpp; sourceTree = "<group>"; };
		D2AAC0630554660B00DB518D /* ParticleCache.bundle */ = {isa = PBXFileReference; explicitFileType = "compiled.mach-o.dylib"; includeInIndex = 0; path = ParticleCache.bundle; sourceTree = BUILT_PRODUCTS_DIR; };
/* End PBXFileReference section */

/* Begin PBXFrameworksBuildPhase section */
		D289988505E68E00004EDB86 /* Frameworks */ = {
			isa = PBXFrameworksBuildPhase;
			buildActionMask = 2147483647;
			files = (
			);
			runOnlyForDeploymentPostprocessing = 0;
		};
/* End PBXFrameworksBuildPhase section */

/* Begin PBXGroup section */
		08FB7794FE84155DC02AAC07 /* footPrintNodePlugin */ = {
			isa = PBXGroup;
			children = (
				08FB7795FE84155DC02AAC07 /* Source */,
				8A7F063208688F460064D097 /* Mel */,
				8A7F063308688F580064D097 /* Resources */,
				1AB674ADFE9D54B511CA2CBB /* Products */,
				7F976DCD10DC185E00252E4F /* RenderParticle.h */,
				7F976DCE10DC185E00252E4F /* RenderParticle.cpp */,
			);
			name = footPrintNodePlugin;
			sourceTree = "<group>";
		};
		08FB7795FE84155DC02AAC07 /* Source */ = {
			isa = PBXGroup;
			children = (
				7F23B9F810D98C9F00FE03A1 /* FluidOctree.cpp */,
				7F82690110CEC37800AF3FE9 /* PMapNode.cpp */,
				7F81224D10711C7C0022BF82 /* gBase.cpp */,
				7F81223210711B8A0022BF82 /* zWorks.cpp */,
				7F81222810711B440022BF82 /* zGlobal.cpp */,
				7FE58BA00FB61F6700187112 /* pluginMain.cpp */,
			);
			name = Source;
			sourceTree = "<group>";
		};
		1AB674ADFE9D54B511CA2CBB /* Products */ = {
			isa = PBXGroup;
			children = (
				D2AAC0630554660B00DB518D /* ParticleCache.bundle */,
			);
			name = Products;
			sourceTree = "<group>";
		};
		8A7F063208688F460064D097 /* Mel */ = {
			isa = PBXGroup;
			children = (
				7F812284107120470022BF82 /* particleCacheMenus.mel */,
			);
			name = Mel;
			sourceTree = "<group>";
		};
		8A7F063308688F580064D097 /* Resources */ = {
			isa = PBXGroup;
			children = (
			);
			name = Resources;
			sourceTree = "<group>";
		};
/* End PBXGroup section */

/* Begin PBXHeadersBuildPhase section */
		D2AAC0600554660B00DB518D /* Headers */ = {
			isa = PBXHeadersBuildPhase;
			buildActionMask = 2147483647;
			files = (
				7F976DCF10DC185E00252E4F /* RenderParticle.h in Headers */,
			);
			runOnlyForDeploymentPostprocessing = 0;
		};
/* End PBXHeadersBuildPhase section */

/* Begin PBXNativeTarget section */
		D2AAC0620554660B00DB518D /* ParticleMap */ = {
			isa = PBXNativeTarget;
			buildConfigurationList = 8A7F05ED086863A70064D097 /* Build configuration list for PBXNativeTarget "ParticleMap" */;
			buildPhases = (
				D2AAC0600554660B00DB518D /* Headers */,
				D2AAC0610554660B00DB518D /* Sources */,
				D289988505E68E00004EDB86 /* Frameworks */,
			);
			buildRules = (
			);
			dependencies = (
			);
			name = ParticleMap;
			productName = footPrintNodePlugin;
			productReference = D2AAC0630554660B00DB518D /* ParticleCache.bundle */;
			productType = "com.apple.product-type.library.dynamic";
		};
/* End PBXNativeTarget section */

/* Begin PBXProject section */
		08FB7793FE84155DC02AAC07 /* Project object */ = {
			isa = PBXProject;
			buildConfigurationList = 8A7F05F1086863A70064D097 /* Build configuration list for PBXProject "pmap" */;
			compatibilityVersion = "Xcode 2.4";
			hasScannedForEncodings = 1;
			mainGroup = 08FB7794FE84155DC02AAC07 /* footPrintNodePlugin */;
			projectDirPath = "";
			projectRoot = "";
			targets = (
				D2AAC0620554660B00DB518D /* ParticleMap */,
			);
		};
/* End PBXProject section */

/* Begin PBXSourcesBuildPhase section */
		D2AAC0610554660B00DB518D /* Sources */ = {
			isa = PBXSourcesBuildPhase;
			buildActionMask = 2147483647;
			files = (
				7FE58BA10FB61F6700187112 /* pluginMain.cpp in Sources */,
				7F81222910711B440022BF82 /* zGlobal.cpp in Sources */,
				7F81223310711B8A0022BF82 /* zWorks.cpp in Sources */,
				7F81224E10711C7C0022BF82 /* gBase.cpp in Sources */,
				7F82690210CEC37800AF3FE9 /* PMapNode.cpp in Sources */,
				7F23B9F910D98C9F00FE03A1 /* FluidOctree.cpp in Sources */,
				7F976DD010DC185E00252E4F /* RenderParticle.cpp in Sources */,
			);
			runOnlyForDeploymentPostprocessing = 0;
		};
/* End PBXSourcesBuildPhase section */

/* Begin XCBuildConfiguration section */
		8A7F05EE086863A70064D097 /* Debug */ = {
			isa = XCBuildConfiguration;
			buildSettings = {
				COPY_PHASE_STRIP = NO;
				DYLIB_COMPATIBILITY_VERSION = "";
				DYLIB_CURRENT_VERSION = "";
				EXECUTABLE_EXTENSION = bundle;
				GCC_DYNAMIC_NO_PIC = NO;
				GCC_ENABLE_FIX_AND_CONTINUE = YES;
				GCC_GENERATE_DEBUGGING_SYMBOLS = YES;
				GCC_MODEL_TUNING = G5;
				GCC_OPTIMIZATION_LEVEL = 0;
				GCC_WARN_ABOUT_RETURN_TYPE = YES;
				GCC_WARN_UNUSED_VARIABLE = YES;
				GENERATE_MASTER_OBJECT_FILE = YES;
				INSTALL_PATH = /usr/local/lib;
				LIBRARY_STYLE = BUNDLE;
				MACH_O_TYPE = mh_bundle;
				PREBINDING = NO;
				PRODUCT_NAME = ParticleCache;
				ZERO_LINK = YES;
			};
			name = Debug;
		};
		8A7F05EF086863A70064D097 /* Release */ = {
			isa = XCBuildConfiguration;
			buildSettings = {
				COPY_PHASE_STRIP = YES;
				DYLIB_COMPATIBILITY_VERSION = "";
				DYLIB_CURRENT_VERSION = "";
				EXECUTABLE_EXTENSION = bundle;
				GCC_ENABLE_FIX_AND_CONTINUE = NO;
				GCC_GENERATE_DEBUGGING_SYMBOLS = NO;
				GCC_MODEL_TUNING = G5;
				GCC_WARN_ABOUT_RETURN_TYPE = YES;
				GCC_WARN_UNUSED_VARIABLE = YES;
				GENERATE_MASTER_OBJECT_FILE = YES;
				INSTALL_PATH = /usr/local/lib;
				LIBRARY_STYLE = BUNDLE;
				MACH_O_TYPE = mh_bundle;
				PREBINDING = NO;
				PRODUCT_NAME = ParticleMap;
				ZERO_LINK = NO;
			};
			name = Release;
		};
		8A7F05F0086863A70064D097 /* Default */ = {
			isa = XCBuildConfiguration;
			buildSettings = {
				DYLIB_COMPATIBILITY_VERSION = "";
				DYLIB_CURRENT_VERSION = "";
				EXECUTABLE_EXTENSION = bundle;
				GCC_GENERATE_DEBUGGING_SYMBOLS = NO;
				GCC_MODEL_TUNING = G5;
				GCC_WARN_ABOUT_RETURN_TYPE = YES;
				GCC_WARN_UNUSED_VARIABLE = YES;
				INSTALL_PATH = /usr/local/lib;
				LIBRARY_STYLE = BUNDLE;
				MACH_O_TYPE = mh_bundle;
				PREBINDING = NO;
				PRODUCT_NAME = ParticleMap;
			};
			name = Default;
		};
		8A7F05F2086863A70064D097 /* Debug */ = {
			isa = XCBuildConfiguration;
			buildSettings = {
				GCC_PRECOMPILE_PREFIX_HEADER = YES;
				GCC_PREFIX_HEADER = "$(MAYA_DIRECTORY)/devkit/include/maya/OpenMayaMac.h";
				GCC_PREPROCESSOR_DEFINITIONS = (
					FLUIDTREEREADONLY,
					MAC_PLUGIN,
					_BOOL,
					REQUIRE_IOSTREAM,
				);
				HEADER_SEARCH_PATHS = (
					"$(MAYA_DIRECTORY)/devkit/include/",
					/usr/local/include/OpenEXR/,
					/usr/include/,
				);
				LIBRARY_SEARCH_PATHS = "$(MAYA_DIRECTORY)/Maya.app/Contents/MacOS";
				LIBRARY_STYLE = BUNDLE;
				MAYA_DIRECTORY = /Applications/Autodesk/maya2008;
				OTHER_LDFLAGS = (
					"-lOpenMaya",
					"-lFoundation",
					"-Wl,-executable_path,$(MAYA_DIRECTORY)/Maya.app/Contents/MacOS",
					"-lOpenMaya",
					"-lOpenMayaUI",
					"-lOpenMayaAnim",
					"-lFoundation",
					"-framework",
					AGL,
					"-framework",
					OpenGL,
					"-lOpenMayaFX",
					"-lHalf",
					"-lIlmImf",
					"-lIex",
				);
			};
			name = Debug;
		};
		8A7F05F3086863A70064D097 /* Release */ = {
			isa = XCBuildConfiguration;
			buildSettings = {
				GCC_PRECOMPILE_PREFIX_HEADER = YES;
				GCC_PREFIX_HEADER = "$(MAYA_DIRECTORY)/devkit/include/maya/OpenMayaMac.h";
				GCC_PREPROCESSOR_DEFINITIONS = (
					MAC_PLUGIN,
					_BOOL,
					REQUIRE_IOSTREAM,
				);
				HEADER_SEARCH_PATHS = (
					"$(MAYA_DIRECTORY)/devkit/include/",
					/usr/local/include/OpenEXR/,
					/usr/include/,
				);
				LIBRARY_SEARCH_PATHS = "$(MAYA_DIRECTORY)/Maya.app/Contents/MacOS";
				LIBRARY_STYLE = BUNDLE;
				MAYA_DIRECTORY = /Applications/Autodesk/maya2008;
				OTHER_LDFLAGS = (
					"-lOpenMaya",
					"-lFoundation",
					"-Wl,-executable_path,$(MAYA_DIRECTORY)/Maya.app/Contents/MacOS",
					"-lOpenMaya",
					"-lOpenMayaUI",
					"-lFoundation",
					"-framework",
					AGL,
					"-framework",
					OpenGL,
				);
			};
			name = Release;
		};
		8A7F05F4086863A70064D097 /* Default */ = {
			isa = XCBuildConfiguration;
			buildSettings = {
				GCC_PRECOMPILE_PREFIX_HEADER = YES;
				GCC_PREFIX_HEADER = "$(MAYA_DIRECTORY)/devkit/include/maya/OpenMayaMac.h";
				GCC_PREPROCESSOR_DEFINITIONS = (
					MAC_PLUGIN,
					_BOOL,
					REQUIRE_IOSTREAM,
				);
				HEADER_SEARCH_PATHS = (
					"$(MAYA_DIRECTORY)/devkit/include/",
					/usr/local/include/OpenEXR/,
					/usr/include/,
				);
				LIBRARY_SEARCH_PATHS = "$(MAYA_DIRECTORY)/Maya.app/Contents/MacOS";
				MAYA_DIRECTORY = /Applications/Autodesk/maya2008;
				OTHER_LDFLAGS = (
					"-lOpenMaya",
					"-lFoundation",
					"-Wl,-executable_path,$(MAYA_DIRECTORY)/Maya.app/Contents/MacOS",
					"-lOpenMaya",
					"-lOpenMayaUI",
					"-lFoundation",
					"-framework",
					AGL,
					"-framework",
					OpenGL,
				);
			};
			name = Default;
		};
/* End XCBuildConfiguration section */

/* Begin XCConfigurationList section */
		8A7F05ED086863A70064D097 /* Build configuration list for PBXNativeTarget "ParticleMap" */ = {
			isa = XCConfigurationList;
			buildConfigurations = (
				8A7F05EE086863A70064D097 /* Debug */,
				8A7F05EF086863A70064D097 /* Release */,
				8A7F05F0086863A70064D097 /* Default */,
			);
			defaultConfigurationIsVisible = 0;
			defaultConfigurationName = Default;
		};
		8A7F05F1086863A70064D097 /* Build configuration list for PBXProject "pmap" */ = {
			isa = XCConfigurationList;
			buildConfigurations = (
				8A7F05F2086863A70064D097 /* Debug */,
				8A7F05F3086863A70064D097 /* Release */,
				8A7F05F4086863A70064D097 /* Default */,
			);
			defaultConfigurationIsVisible = 0;
			defaultConfigurationName = Default;
		};
/* End XCConfigurationList section */
	};
	rootObject = 08FB7793FE84155DC02AAC07 /* Project object */;
}
