Microsoft Visual Studio Solution File, Format Version 8.00
Project("{8BC9CEB8-8B4A-11D0-8D11-00A0C91BC942}") = "server", "server.vcproj", "{B809A041-017F-42D8-BD15-449493F15A27}"
	ProjectSection(ProjectDependencies) = postProject
	EndProjectSection
EndProject
Global
	GlobalSection(SolutionConfiguration) = preSolution
		Debug = Debug
		Release = Release
	EndGlobalSection
	GlobalSection(ProjectConfiguration) = postSolution
		{B809A041-017F-42D8-BD15-449493F15A27}.Debug.ActiveCfg = Debug|Win32
		{B809A041-017F-42D8-BD15-449493F15A27}.Debug.Build.0 = Debug|Win32
		{B809A041-017F-42D8-BD15-449493F15A27}.Release.ActiveCfg = Release|Win32
		{B809A041-017F-42D8-BD15-449493F15A27}.Release.Build.0 = Release|Win32
	EndGlobalSection
	GlobalSection(ExtensibilityGlobals) = postSolution
	EndGlobalSection
	GlobalSection(ExtensibilityAddIns) = postSolution
	EndGlobalSection
EndGlobal
